
Microsoft Visual Studio Solution File, Format Version 12.00
# Visual Studio Version 17
VisualStudioVersion = 17.0.31903.59
MinimumVisualStudioVersion = 10.0.40219.1
Project("{FAE04EC0-301F-11D3-BF4B-00C04F79EFBC}") = "Sleekflow.Todos.Core", "Sleekflow.Todos.Core\Sleekflow.Todos.Core.csproj", "{AACD0438-5720-4716-93C1-62706BEEF232}"
EndProject
Project("{FAE04EC0-301F-11D3-BF4B-00C04F79EFBC}") = "Sleekflow.Todos.DAL", "Sleekflow.Todos.DAL\Sleekflow.Todos.DAL.csproj", "{B80400D3-A6A5-43B0-AB07-485233445142}"
EndProject
Project("{FAE04EC0-301F-11D3-BF4B-00C04F79EFBC}") = "Sleekflow.Todos.Test", "Sleekflow.Todos.Test\Sleekflow.Todos.Test.csproj", "{7EF4CAF5-12B9-439E-8A81-E47EDB3C2DD6}"
EndProject
Project("{FAE04EC0-301F-11D3-BF4B-00C04F79EFBC}") = "Sleekflow.Todos.Web", "Sleekflow.Todos.Web\Sleekflow.Todos.Web.csproj", "{B3F9DB5C-DED7-4C08-AD0E-68DFA607815D}"
EndProject
Global
	GlobalSection(SolutionConfigurationPlatforms) = preSolution
		Debug|Any CPU = Debug|Any CPU
		Release|Any CPU = Release|Any CPU
	EndGlobalSection
	GlobalSection(SolutionProperties) = preSolution
		HideSolutionNode = FALSE
	EndGlobalSection
	GlobalSection(ProjectConfigurationPlatforms) = postSolution
		{AACD0438-5720-4716-93C1-62706BEEF232}.Debug|Any CPU.ActiveCfg = Debug|Any CPU
		{AACD0438-5720-4716-93C1-62706BEEF232}.Debug|Any CPU.Build.0 = Debug|Any CPU
		{AACD0438-5720-4716-93C1-62706BEEF232}.Release|Any CPU.ActiveCfg = Release|Any CPU
		{AACD0438-5720-4716-93C1-62706BEEF232}.Release|Any CPU.Build.0 = Release|Any CPU
		{B80400D3-A6A5-43B0-AB07-485233445142}.Debug|Any CPU.ActiveCfg = Debug|Any CPU
		{B80400D3-A6A5-43B0-AB07-485233445142}.Debug|Any CPU.Build.0 = Debug|Any CPU
		{B80400D3-A6A5-43B0-AB07-485233445142}.Release|Any CPU.ActiveCfg = Release|Any CPU
		{B80400D3-A6A5-43B0-AB07-485233445142}.Release|Any CPU.Build.0 = Release|Any CPU
		{7EF4CAF5-12B9-439E-8A81-E47EDB3C2DD6}.Debug|Any CPU.ActiveCfg = Debug|Any CPU
		{7EF4CAF5-12B9-439E-8A81-E47EDB3C2DD6}.Debug|Any CPU.Build.0 = Debug|Any CPU
		{7EF4CAF5-12B9-439E-8A81-E47EDB3C2DD6}.Release|Any CPU.ActiveCfg = Release|Any CPU
		{7EF4CAF5-12B9-439E-8A81-E47EDB3C2DD6}.Release|Any CPU.Build.0 = Release|Any CPU
		{B3F9DB5C-DED7-4C08-AD0E-68DFA607815D}.Debug|Any CPU.ActiveCfg = Debug|Any CPU
		{B3F9DB5C-DED7-4C08-AD0E-68DFA607815D}.Debug|Any CPU.Build.0 = Debug|Any CPU
		{B3F9DB5C-DED7-4C08-AD0E-68DFA607815D}.Release|Any CPU.ActiveCfg = Release|Any CPU
		{B3F9DB5C-DED7-4C08-AD0E-68DFA607815D}.Release|Any CPU.Build.0 = Release|Any CPU
	EndGlobalSection
EndGlobal
